// !$*UTF8*$!
{
	archiveVersion = 1;
	classes = {
	};
	objectVersion = 54;
	objects = {

/* Begin PBXBuildFile section */
		04A181F82CC2621E00D37CA5 /* xunliaoApp.swift in Sources */ = {isa = PBXBuildFile; fileRef = 04A181F72CC2621E00D37CA5 /* xunliaoApp.swift */; };
		04A181FA2CC2621E00D37CA5 /* ContentView.swift in Sources */ = {isa = PBXBuildFile; fileRef = 04A181F92CC2621E00D37CA5 /* ContentView.swift */; };
		04A181FC2CC2622000D37CA5 /* Assets.xcassets in Resources */ = {isa = PBXBuildFile; fileRef = 04A181FB2CC2622000D37CA5 /* Assets.xcassets */; };
		04A181FF2CC2622000D37CA5 /* Preview Assets.xcassets in Resources */ = {isa = PBXBuildFile; fileRef = 04A181FE2CC2622000D37CA5 /* Preview Assets.xcassets */; };
		4B32DB652CCB921C008F8819 /* func.swift in Sources */ = {isa = PBXBuildFile; fileRef = 4B32DB642CCB921A008F8819 /* func.swift */; };
		4B7DA7782CCC971D008DEC05 /* UserState.swift in Sources */ = {isa = PBXBuildFile; fileRef = 4B7DA7772CCC9714008DEC05 /* UserState.swift */; };
		4BF3BAAE2CCA082700FC2509 /* MemberView.swift in Sources */ = {isa = PBXBuildFile; fileRef = 4BF3BAA72CCA082700FC2509 /* MemberView.swift */; };
		4BF3BAAF2CCA082700FC2509 /* BaseModel.swift in Sources */ = {isa = PBXBuildFile; fileRef = 4BF3BA9B2CCA082700FC2509 /* BaseModel.swift */; };
		4BF3BAB02CCA082700FC2509 /* ValetTool.swift in Sources */ = {isa = PBXBuildFile; fileRef = 4BF3BA9D2CCA082700FC2509 /* ValetTool.swift */; };
		4BF3BAB12CCA082700FC2509 /* HealthDataView.swift in Sources */ = {isa = PBXBuildFile; fileRef = 4BF3BAA52CCA082700FC2509 /* HealthDataView.swift */; };
		4BF3BAB22CCA082700FC2509 /* WatchNews.swift in Sources */ = {isa = PBXBuildFile; fileRef = 4BF3BAA32CCA082700FC2509 /* WatchNews.swift */; };
		4BF3BAB32CCA082700FC2509 /* MicroChatView.swift in Sources */ = {isa = PBXBuildFile; fileRef = 4BF3BA9F2CCA082700FC2509 /* MicroChatView.swift */; };
		4BF3BAB42CCA082700FC2509 /* LocationView.swift in Sources */ = {isa = PBXBuildFile; fileRef = 4BF3BAA22CCA082700FC2509 /* LocationView.swift */; };
		4BF3BAB52CCA082700FC2509 /* AFRequest.swift in Sources */ = {isa = PBXBuildFile; fileRef = 4BF3BA9A2CCA082700FC2509 /* AFRequest.swift */; };
		4BF3BAB62CCA082700FC2509 /* Localizable.strings in Resources */ = {isa = PBXBuildFile; fileRef = 4BF3BAAB2CCA082700FC2509 /* Localizable.strings */; };
		4BF3BAB72CCA082700FC2509 /* Localizable.strings in Resources */ = {isa = PBXBuildFile; fileRef = 4BF3BA982CCA082700FC2509 /* Localizable.strings */; };
		4BF3BABA2CCA085F00FC2509 /* URLImage in Frameworks */ = {isa = PBXBuildFile; productRef = 4BF3BAB92CCA085F00FC2509 /* URLImage */; };
		4BF3BABC2CCA085F00FC2509 /* URLImageStore in Frameworks */ = {isa = PBXBuildFile; productRef = 4BF3BABB2CCA085F00FC2509 /* URLImageStore */; };
		4BF3BAC42CCA087900FC2509 /* Valet in Frameworks */ = {isa = PBXBuildFile; productRef = 4BF3BAC32CCA087900FC2509 /* Valet */; };
		4BF3BADC2CCA1EA200FC2509 /* Alamofire in Frameworks */ = {isa = PBXBuildFile; productRef = 4BF3BADB2CCA1EA200FC2509 /* Alamofire */; };
		4BF3BAE02CCA1F7400FC2509 /* Alamofire in Frameworks */ = {isa = PBXBuildFile; productRef = 4BF3BADF2CCA1F7400FC2509 /* Alamofire */; };
		4BF3BAE72CCA231900FC2509 /* Alamofire in Frameworks */ = {isa = PBXBuildFile; productRef = 4BF3BAE62CCA231900FC2509 /* Alamofire */; };
		4BF3BAE92CCA231900FC2509 /* AlamofireDynamic in Frameworks */ = {isa = PBXBuildFile; productRef = 4BF3BAE82CCA231900FC2509 /* AlamofireDynamic */; };
		4BF3BAEC2CCA232800FC2509 /* Alamofire in Frameworks */ = {isa = PBXBuildFile; productRef = 4BF3BAEB2CCA232800FC2509 /* Alamofire */; };
		4BF3BAEF2CCA257200FC2509 /* Alamofire in Frameworks */ = {isa = PBXBuildFile; productRef = 4BF3BAEE2CCA257200FC2509 /* Alamofire */; };
		4BF3BAF22CCA25EE00FC2509 /* AlamofireDynamic in Frameworks */ = {isa = PBXBuildFile; productRef = 4BF3BAF12CCA25EE00FC2509 /* AlamofireDynamic */; };
		4BF3BAF32CCA25EE00FC2509 /* AlamofireDynamic in Embed Frameworks */ = {isa = PBXBuildFile; productRef = 4BF3BAF12CCA25EE00FC2509 /* AlamofireDynamic */; settings = {ATTRIBUTES = (CodeSignOnCopy, ); }; };
		4BF3BAF52CCA25F200FC2509 /* URLImage in Frameworks */ = {isa = PBXBuildFile; productRef = 4BF3BAF42CCA25F200FC2509 /* URLImage */; };
		4BF3BAF82CCA263D00FC2509 /* Alamofire in Frameworks */ = {isa = PBXBuildFile; productRef = 4BF3BAF72CCA263D00FC2509 /* Alamofire */; };
		4BF3BAFA2CCA263D00FC2509 /* AlamofireDynamic in Frameworks */ = {isa = PBXBuildFile; productRef = 4BF3BAF92CCA263D00FC2509 /* AlamofireDynamic */; };
		4BF3BAFC2CCA2EC200FC2509 /* Alamofire in Frameworks */ = {isa = PBXBuildFile; productRef = 4BF3BAFB2CCA2EC200FC2509 /* Alamofire */; };
		4BF3BAFE2CCA2EC200FC2509 /* AlamofireDynamic in Frameworks */ = {isa = PBXBuildFile; productRef = 4BF3BAFD2CCA2EC200FC2509 /* AlamofireDynamic */; };
		4BF3BB012CCA2FC400FC2509 /* Localization.swift in Sources */ = {isa = PBXBuildFile; fileRef = 4BF3BB002CCA2FC400FC2509 /* Localization.swift */; };
		4BF3BB042CCA2FD500FC2509 /* Login.swift in Sources */ = {isa = PBXBuildFile; fileRef = 4BF3BB032CCA2FD500FC2509 /* Login.swift */; };
		4BF3BB062CCA2FEB00FC2509 /* Register.swift in Sources */ = {isa = PBXBuildFile; fileRef = 4BF3BB052CCA2FE600FC2509 /* Register.swift */; };
		4BF3BB0E2CCA4BA000FC2509 /* config.swift in Sources */ = {isa = PBXBuildFile; fileRef = 4BF3BB0D2CCA4B9C00FC2509 /* config.swift */; };
/* End PBXBuildFile section */

/* Begin PBXCopyFilesBuildPhase section */
		4BF3BAE42CCA210C00FC2509 /* Embed Frameworks */ = {
			isa = PBXCopyFilesBuildPhase;
			buildActionMask = 2147483647;
			dstPath = "";
			dstSubfolderSpec = 10;
			files = (
				4BF3BAF32CCA25EE00FC2509 /* AlamofireDynamic in Embed Frameworks */,
			);
			name = "Embed Frameworks";
			runOnlyForDeploymentPostprocessing = 0;
		};
/* End PBXCopyFilesBuildPhase section */

/* Begin PBXFileReference section */
		04A181F42CC2621E00D37CA5 /* xunliao.app */ = {isa = PBXFileReference; explicitFileType = wrapper.application; includeInIndex = 0; path = xunliao.app; sourceTree = BUILT_PRODUCTS_DIR; };
		04A181F72CC2621E00D37CA5 /* xunliaoApp.swift */ = {isa = PBXFileReference; lastKnownFileType = sourcecode.swift; path = xunliaoApp.swift; sourceTree = "<group>"; };
		04A181F92CC2621E00D37CA5 /* ContentView.swift */ = {isa = PBXFileReference; lastKnownFileType = sourcecode.swift; path = ContentView.swift; sourceTree = "<group>"; };
		04A181FB2CC2622000D37CA5 /* Assets.xcassets */ = {isa = PBXFileReference; lastKnownFileType = folder.assetcatalog; path = Assets.xcassets; sourceTree = "<group>"; };
		04A181FE2CC2622000D37CA5 /* Preview Assets.xcassets */ = {isa = PBXFileReference; lastKnownFileType = folder.assetcatalog; path = "Preview Assets.xcassets"; sourceTree = "<group>"; };
		04A182002CC2622000D37CA5 /* Info.plist */ = {isa = PBXFileReference; lastKnownFileType = text.plist.xml; path = Info.plist; sourceTree = "<group>"; };
		4B32DB642CCB921A008F8819 /* func.swift */ = {isa = PBXFileReference; lastKnownFileType = sourcecode.swift; path = func.swift; sourceTree = "<group>"; };
		4B7DA7772CCC9714008DEC05 /* UserState.swift */ = {isa = PBXFileReference; lastKnownFileType = sourcecode.swift; path = UserState.swift; sourceTree = "<group>"; };
		4BF3BA972CCA082700FC2509 /* en */ = {isa = PBXFileReference; lastKnownFileType = text.plist.strings; name = en; path = Localizable.strings; sourceTree = "<group>"; };
		4BF3BA9A2CCA082700FC2509 /* AFRequest.swift */ = {isa = PBXFileReference; lastKnownFileType = sourcecode.swift; path = AFRequest.swift; sourceTree = "<group>"; };
		4BF3BA9B2CCA082700FC2509 /* BaseModel.swift */ = {isa = PBXFileReference; lastKnownFileType = sourcecode.swift; path = BaseModel.swift; sourceTree = "<group>"; };
		4BF3BA9D2CCA082700FC2509 /* ValetTool.swift */ = {isa = PBXFileReference; lastKnownFileType = sourcecode.swift; path = ValetTool.swift; sourceTree = "<group>"; };
		4BF3BA9F2CCA082700FC2509 /* MicroChatView.swift */ = {isa = PBXFileReference; lastKnownFileType = sourcecode.swift; path = MicroChatView.swift; sourceTree = "<group>"; };
		4BF3BAA22CCA082700FC2509 /* LocationView.swift */ = {isa = PBXFileReference; lastKnownFileType = sourcecode.swift; path = LocationView.swift; sourceTree = "<group>"; };
		4BF3BAA32CCA082700FC2509 /* WatchNews.swift */ = {isa = PBXFileReference; lastKnownFileType = sourcecode.swift; path = WatchNews.swift; sourceTree = "<group>"; };
		4BF3BAA52CCA082700FC2509 /* HealthDataView.swift */ = {isa = PBXFileReference; lastKnownFileType = sourcecode.swift; path = HealthDataView.swift; sourceTree = "<group>"; };
		4BF3BAA72CCA082700FC2509 /* MemberView.swift */ = {isa = PBXFileReference; lastKnownFileType = sourcecode.swift; path = MemberView.swift; sourceTree = "<group>"; };
		4BF3BAAA2CCA082700FC2509 /* zh-Hans */ = {isa = PBXFileReference; lastKnownFileType = text.plist.strings; name = "zh-Hans"; path = Localizable.strings; sourceTree = "<group>"; };
		4BF3BB002CCA2FC400FC2509 /* Localization.swift */ = {isa = PBXFileReference; lastKnownFileType = sourcecode.swift; path = Localization.swift; sourceTree = "<group>"; };
		4BF3BB032CCA2FD500FC2509 /* Login.swift */ = {isa = PBXFileReference; lastKnownFileType = sourcecode.swift; path = Login.swift; sourceTree = "<group>"; };
		4BF3BB052CCA2FE600FC2509 /* Register.swift */ = {isa = PBXFileReference; lastKnownFileType = sourcecode.swift; path = Register.swift; sourceTree = "<group>"; };
		4BF3BB0D2CCA4B9C00FC2509 /* config.swift */ = {isa = PBXFileReference; lastKnownFileType = sourcecode.swift; path = config.swift; sourceTree = "<group>"; };
/* End PBXFileReference section */

/* Begin PBXFrameworksBuildPhase section */
		04A181F12CC2621E00D37CA5 /* Frameworks */ = {
			isa = PBXFrameworksBuildPhase;
			buildActionMask = 2147483647;
			files = (
				4BF3BAC42CCA087900FC2509 /* Valet in Frameworks */,
				4BF3BAFC2CCA2EC200FC2509 /* Alamofire in Frameworks */,
				4BF3BAE72CCA231900FC2509 /* Alamofire in Frameworks */,
				4BF3BADC2CCA1EA200FC2509 /* Alamofire in Frameworks */,
				4BF3BAE02CCA1F7400FC2509 /* Alamofire in Frameworks */,
				4BF3BAEC2CCA232800FC2509 /* Alamofire in Frameworks */,
				4BF3BAEF2CCA257200FC2509 /* Alamofire in Frameworks */,
				4BF3BAFE2CCA2EC200FC2509 /* AlamofireDynamic in Frameworks */,
				4BF3BABC2CCA085F00FC2509 /* URLImageStore in Frameworks */,
				4BF3BAF22CCA25EE00FC2509 /* AlamofireDynamic in Frameworks */,
				4BF3BAFA2CCA263D00FC2509 /* AlamofireDynamic in Frameworks */,
				4BF3BAF52CCA25F200FC2509 /* URLImage in Frameworks */,
				4BF3BAF82CCA263D00FC2509 /* Alamofire in Frameworks */,
				4BF3BAE92CCA231900FC2509 /* AlamofireDynamic in Frameworks */,
				4BF3BABA2CCA085F00FC2509 /* URLImage in Frameworks */,
			);
			runOnlyForDeploymentPostprocessing = 0;
		};
/* End PBXFrameworksBuildPhase section */

/* Begin PBXGroup section */
		04A181EB2CC2621E00D37CA5 = {
			isa = PBXGroup;
			children = (
				04A181F62CC2621E00D37CA5 /* xunliao */,
				04A181F52CC2621E00D37CA5 /* Products */,
			);
			sourceTree = "<group>";
		};
		04A181F52CC2621E00D37CA5 /* Products */ = {
			isa = PBXGroup;
			children = (
				04A181F42CC2621E00D37CA5 /* xunliao.app */,
			);
			name = Products;
			sourceTree = "<group>";
		};
		04A181F62CC2621E00D37CA5 /* xunliao */ = {
			isa = PBXGroup;
			children = (
				4BF3BB0D2CCA4B9C00FC2509 /* config.swift */,
				4BF3BB072CCA49C700FC2509 /* common */,
				04A181F72CC2621E00D37CA5 /* xunliaoApp.swift */,
				04A181F92CC2621E00D37CA5 /* ContentView.swift */,
				04A181FB2CC2622000D37CA5 /* Assets.xcassets */,
				04A182002CC2622000D37CA5 /* Info.plist */,
				04A181FD2CC2622000D37CA5 /* Preview Content */,
				4BF3BA992CCA082700FC2509 /* en.lproj */,
				4BF3BAA92CCA082700FC2509 /* views */,
				4BF3BAAC2CCA082700FC2509 /* zh-Hans.lproj */,
			);
			path = xunliao;
			sourceTree = "<group>";
		};
		04A181FD2CC2622000D37CA5 /* Preview Content */ = {
			isa = PBXGroup;
			children = (
				04A181FE2CC2622000D37CA5 /* Preview Assets.xcassets */,
			);
			path = "Preview Content";
			sourceTree = "<group>";
		};
		4BF3BA992CCA082700FC2509 /* en.lproj */ = {
			isa = PBXGroup;
			children = (
				4BF3BA982CCA082700FC2509 /* Localizable.strings */,
			);
			path = en.lproj;
			sourceTree = "<group>";
		};
		4BF3BA9C2CCA082700FC2509 /* network */ = {
			isa = PBXGroup;
			children = (
				4BF3BA9A2CCA082700FC2509 /* AFRequest.swift */,
				4BF3BA9B2CCA082700FC2509 /* BaseModel.swift */,
			);
			path = network;
			sourceTree = "<group>";
		};
		4BF3BA9E2CCA082700FC2509 /* tool */ = {
			isa = PBXGroup;
			children = (
				4BF3BA9D2CCA082700FC2509 /* ValetTool.swift */,
			);
			path = tool;
			sourceTree = "<group>";
		};
		4BF3BAA02CCA082700FC2509 /* chat */ = {
			isa = PBXGroup;
			children = (
				4BF3BA9F2CCA082700FC2509 /* MicroChatView.swift */,
			);
			path = chat;
			sourceTree = "<group>";
		};
		4BF3BAA42CCA082700FC2509 /* device */ = {
			isa = PBXGroup;
			children = (
				4BF3BAA22CCA082700FC2509 /* LocationView.swift */,
				4BF3BAA32CCA082700FC2509 /* WatchNews.swift */,
			);
			path = device;
			sourceTree = "<group>";
		};
		4BF3BAA62CCA082700FC2509 /* health */ = {
			isa = PBXGroup;
			children = (
				4BF3BAA52CCA082700FC2509 /* HealthDataView.swift */,
			);
			path = health;
			sourceTree = "<group>";
		};
		4BF3BAA82CCA082700FC2509 /* member */ = {
			isa = PBXGroup;
			children = (
				4BF3BAA72CCA082700FC2509 /* MemberView.swift */,
			);
			path = member;
			sourceTree = "<group>";
		};
		4BF3BAA92CCA082700FC2509 /* views */ = {
			isa = PBXGroup;
			children = (
				4BF3BB022CCA2FCE00FC2509 /* home */,
				4BF3BAA02CCA082700FC2509 /* chat */,
				4BF3BAA42CCA082700FC2509 /* device */,
				4BF3BAA62CCA082700FC2509 /* health */,
				4BF3BAA82CCA082700FC2509 /* member */,
			);
			path = views;
			sourceTree = "<group>";
		};
		4BF3BAAC2CCA082700FC2509 /* zh-Hans.lproj */ = {
			isa = PBXGroup;
			children = (
				4BF3BAAB2CCA082700FC2509 /* Localizable.strings */,
			);
			path = "zh-Hans.lproj";
			sourceTree = "<group>";
		};
		4BF3BAFF2CCA2FB100FC2509 /* language */ = {
			isa = PBXGroup;
			children = (
				4BF3BB002CCA2FC400FC2509 /* Localization.swift */,
			);
			path = language;
			sourceTree = "<group>";
		};
		4BF3BB022CCA2FCE00FC2509 /* home */ = {
			isa = PBXGroup;
			children = (
				4BF3BB052CCA2FE600FC2509 /* Register.swift */,
				4BF3BB032CCA2FD500FC2509 /* Login.swift */,
			);
			path = home;
			sourceTree = "<group>";
		};
		4BF3BB072CCA49C700FC2509 /* common */ = {
			isa = PBXGroup;
			children = (
				4B7DA7772CCC9714008DEC05 /* UserState.swift */,
				4B32DB642CCB921A008F8819 /* func.swift */,
				4BF3BA9C2CCA082700FC2509 /* network */,
				4BF3BAFF2CCA2FB100FC2509 /* language */,
				4BF3BA9E2CCA082700FC2509 /* tool */,
			);
			path = common;
			sourceTree = "<group>";
		};
/* End PBXGroup section */

/* Begin PBXNativeTarget section */
		04A181F32CC2621E00D37CA5 /* xunliao */ = {
			isa = PBXNativeTarget;
			buildConfigurationList = 04A182032CC2622000D37CA5 /* Build configuration list for PBXNativeTarget "xunliao" */;
			buildPhases = (
				04A181F02CC2621E00D37CA5 /* Sources */,
				04A181F12CC2621E00D37CA5 /* Frameworks */,
				04A181F22CC2621E00D37CA5 /* Resources */,
				4BF3BAE42CCA210C00FC2509 /* Embed Frameworks */,
			);
			buildRules = (
			);
			dependencies = (
			);
			name = xunliao;
			productName = xunliao;
			productReference = 04A181F42CC2621E00D37CA5 /* xunliao.app */;
			productType = "com.apple.product-type.application";
		};
/* End PBXNativeTarget section */

/* Begin PBXProject section */
		04A181EC2CC2621E00D37CA5 /* Project object */ = {
			isa = PBXProject;
			attributes = {
				KnownAssetTags = (
					New,
				);
				LastSwiftUpdateCheck = 1210;
				LastUpgradeCheck = 1210;
				TargetAttributes = {
					04A181F32CC2621E00D37CA5 = {
						CreatedOnToolsVersion = 12.1;
					};
				};
			};
			buildConfigurationList = 04A181EF2CC2621E00D37CA5 /* Build configuration list for PBXProject "xunliao" */;
			compatibilityVersion = "Xcode 9.3";
			developmentRegion = en;
			hasScannedForEncodings = 0;
			knownRegions = (
				en,
				Base,
				"zh-Hans",
			);
			mainGroup = 04A181EB2CC2621E00D37CA5;
			packageReferences = (
				4BF3BAB82CCA085F00FC2509 /* XCRemoteSwiftPackageReference "url-image" */,
				4BF3BAC22CCA087900FC2509 /* XCRemoteSwiftPackageReference "Valet" */,
				4BF3BAF62CCA263D00FC2509 /* XCRemoteSwiftPackageReference "Alamofire" */,
			);
			productRefGroup = 04A181F52CC2621E00D37CA5 /* Products */;
			projectDirPath = "";
			projectRoot = "";
			targets = (
				04A181F32CC2621E00D37CA5 /* xunliao */,
			);
		};
/* End PBXProject section */

/* Begin PBXResourcesBuildPhase section */
		04A181F22CC2621E00D37CA5 /* Resources */ = {
			isa = PBXResourcesBuildPhase;
			buildActionMask = 2147483647;
			files = (
				4BF3BAB62CCA082700FC2509 /* Localizable.strings in Resources */,
				4BF3BAB72CCA082700FC2509 /* Localizable.strings in Resources */,
				04A181FF2CC2622000D37CA5 /* Preview Assets.xcassets in Resources */,
				04A181FC2CC2622000D37CA5 /* Assets.xcassets in Resources */,
			);
			runOnlyForDeploymentPostprocessing = 0;
		};
/* End PBXResourcesBuildPhase section */

/* Begin PBXSourcesBuildPhase section */
		04A181F02CC2621E00D37CA5 /* Sources */ = {
			isa = PBXSourcesBuildPhase;
			buildActionMask = 2147483647;
			files = (
				04A181FA2CC2621E00D37CA5 /* ContentView.swift in Sources */,
				4BF3BB012CCA2FC400FC2509 /* Localization.swift in Sources */,
				04A181F82CC2621E00D37CA5 /* xunliaoApp.swift in Sources */,
				4BF3BB042CCA2FD500FC2509 /* Login.swift in Sources */,
				4BF3BB062CCA2FEB00FC2509 /* Register.swift in Sources */,
				4B32DB652CCB921C008F8819 /* func.swift in Sources */,
				4BF3BAAE2CCA082700FC2509 /* MemberView.swift in Sources */,
				4BF3BAAF2CCA082700FC2509 /* BaseModel.swift in Sources */,
				4BF3BAB02CCA082700FC2509 /* ValetTool.swift in Sources */,
				4BF3BAB12CCA082700FC2509 /* HealthDataView.swift in Sources */,
				4B7DA7782CCC971D008DEC05 /* UserState.swift in Sources */,
				4BF3BAB22CCA082700FC2509 /* WatchNews.swift in Sources */,
				4BF3BAB32CCA082700FC2509 /* MicroChatView.swift in Sources */,
				4BF3BB0E2CCA4BA000FC2509 /* config.swift in Sources */,
				4BF3BAB42CCA082700FC2509 /* LocationView.swift in Sources */,
				4BF3BAB52CCA082700FC2509 /* AFRequest.swift in Sources */,
			);
			runOnlyForDeploymentPostprocessing = 0;
		};
/* End PBXSourcesBuildPhase section */

/* Begin PBXVariantGroup section */
		4BF3BA982CCA082700FC2509 /* Localizable.strings */ = {
			isa = PBXVariantGroup;
			children = (
				4BF3BA972CCA082700FC2509 /* en */,
			);
			name = Localizable.strings;
			sourceTree = "<group>";
		};
		4BF3BAAB2CCA082700FC2509 /* Localizable.strings */ = {
			isa = PBXVariantGroup;
			children = (
				4BF3BAAA2CCA082700FC2509 /* zh-Hans */,
			);
			name = Localizable.strings;
			sourceTree = "<group>";
		};
/* End PBXVariantGroup section */

/* Begin XCBuildConfiguration section */
		04A182012CC2622000D37CA5 /* Debug */ = {
			isa = XCBuildConfiguration;
			buildSettings = {
				ALWAYS_SEARCH_USER_PATHS = NO;
				CLANG_ANALYZER_NONNULL = YES;
				CLANG_ANALYZER_NUMBER_OBJECT_CONVERSION = YES_AGGRESSIVE;
				CLANG_CXX_LANGUAGE_STANDARD = "gnu++14";
				CLANG_CXX_LIBRARY = "libc++";
				CLANG_ENABLE_MODULES = YES;
				CLANG_ENABLE_OBJC_ARC = YES;
				CLANG_ENABLE_OBJC_WEAK = YES;
				CLANG_WARN_BLOCK_CAPTURE_AUTORELEASING = YES;
				CLANG_WARN_BOOL_CONVERSION = YES;
				CLANG_WARN_COMMA = YES;
				CLANG_WARN_CONSTANT_CONVERSION = YES;
				CLANG_WARN_DEPRECATED_OBJC_IMPLEMENTATIONS = YES;
				CLANG_WARN_DIRECT_OBJC_ISA_USAGE = YES_ERROR;
				CLANG_WARN_DOCUMENTATION_COMMENTS = YES;
				CLANG_WARN_EMPTY_BODY = YES;
				CLANG_WARN_ENUM_CONVERSION = YES;
				CLANG_WARN_INFINITE_RECURSION = YES;
				CLANG_WARN_INT_CONVERSION = YES;
				CLANG_WARN_NON_LITERAL_NULL_CONVERSION = YES;
				CLANG_WARN_OBJC_IMPLICIT_RETAIN_SELF = YES;
				CLANG_WARN_OBJC_LITERAL_CONVERSION = YES;
				CLANG_WARN_OBJC_ROOT_CLASS = YES_ERROR;
				CLANG_WARN_QUOTED_INCLUDE_IN_FRAMEWORK_HEADER = YES;
				CLANG_WARN_RANGE_LOOP_ANALYSIS = YES;
				CLANG_WARN_STRICT_PROTOTYPES = YES;
				CLANG_WARN_SUSPICIOUS_MOVE = YES;
				CLANG_WARN_UNGUARDED_AVAILABILITY = YES_AGGRESSIVE;
				CLANG_WARN_UNREACHABLE_CODE = YES;
				CLANG_WARN__DUPLICATE_METHOD_MATCH = YES;
				COPY_PHASE_STRIP = NO;
				DEBUG_INFORMATION_FORMAT = dwarf;
				ENABLE_STRICT_OBJC_MSGSEND = YES;
				ENABLE_TESTABILITY = YES;
				GCC_C_LANGUAGE_STANDARD = gnu11;
				GCC_DYNAMIC_NO_PIC = NO;
				GCC_NO_COMMON_BLOCKS = YES;
				GCC_OPTIMIZATION_LEVEL = 0;
				GCC_PREPROCESSOR_DEFINITIONS = (
					"DEBUG=1",
					"$(inherited)",
				);
				GCC_WARN_64_TO_32_BIT_CONVERSION = YES;
				GCC_WARN_ABOUT_RETURN_TYPE = YES_ERROR;
				GCC_WARN_UNDECLARED_SELECTOR = YES;
				GCC_WARN_UNINITIALIZED_AUTOS = YES_AGGRESSIVE;
				GCC_WARN_UNUSED_FUNCTION = YES;
				GCC_WARN_UNUSED_VARIABLE = YES;
				IPHONEOS_DEPLOYMENT_TARGET = 14.1;
				MERGED_BINARY_TYPE = automatic;
				MTL_ENABLE_DEBUG_INFO = INCLUDE_SOURCE;
				MTL_FAST_MATH = YES;
				ONLY_ACTIVE_ARCH = YES;
				SDKROOT = iphoneos;
				SWIFT_ACTIVE_COMPILATION_CONDITIONS = DEBUG;
				SWIFT_OPTIMIZATION_LEVEL = "-Onone";
			};
			name = Debug;
		};
		04A182022CC2622000D37CA5 /* Release */ = {
			isa = XCBuildConfiguration;
			buildSettings = {
				ALWAYS_SEARCH_USER_PATHS = NO;
				CLANG_ANALYZER_NONNULL = YES;
				CLANG_ANALYZER_NUMBER_OBJECT_CONVERSION = YES_AGGRESSIVE;
				CLANG_CXX_LANGUAGE_STANDARD = "gnu++14";
				CLANG_CXX_LIBRARY = "libc++";
				CLANG_ENABLE_MODULES = YES;
				CLANG_ENABLE_OBJC_ARC = YES;
				CLANG_ENABLE_OBJC_WEAK = YES;
				CLANG_WARN_BLOCK_CAPTURE_AUTORELEASING = YES;
				CLANG_WARN_BOOL_CONVERSION = YES;
				CLANG_WARN_COMMA = YES;
				CLANG_WARN_CONSTANT_CONVERSION = YES;
				CLANG_WARN_DEPRECATED_OBJC_IMPLEMENTATIONS = YES;
				CLANG_WARN_DIRECT_OBJC_ISA_USAGE = YES_ERROR;
				CLANG_WARN_DOCUMENTATION_COMMENTS = YES;
				CLANG_WARN_EMPTY_BODY = YES;
				CLANG_WARN_ENUM_CONVERSION = YES;
				CLANG_WARN_INFINITE_RECURSION = YES;
				CLANG_WARN_INT_CONVERSION = YES;
				CLANG_WARN_NON_LITERAL_NULL_CONVERSION = YES;
				CLANG_WARN_OBJC_IMPLICIT_RETAIN_SELF = YES;
				CLANG_WARN_OBJC_LITERAL_CONVERSION = YES;
				CLANG_WARN_OBJC_ROOT_CLASS = YES_ERROR;
				CLANG_WARN_QUOTED_INCLUDE_IN_FRAMEWORK_HEADER = YES;
				CLANG_WARN_RANGE_LOOP_ANALYSIS = YES;
				CLANG_WARN_STRICT_PROTOTYPES = YES;
				CLANG_WARN_SUSPICIOUS_MOVE = YES;
				CLANG_WARN_UNGUARDED_AVAILABILITY = YES_AGGRESSIVE;
				CLANG_WARN_UNREACHABLE_CODE = YES;
				CLANG_WARN__DUPLICATE_METHOD_MATCH = YES;
				COPY_PHASE_STRIP = NO;
				DEBUG_INFORMATION_FORMAT = "dwarf-with-dsym";
				ENABLE_NS_ASSERTIONS = NO;
				ENABLE_STRICT_OBJC_MSGSEND = YES;
				GCC_C_LANGUAGE_STANDARD = gnu11;
				GCC_NO_COMMON_BLOCKS = YES;
				GCC_WARN_64_TO_32_BIT_CONVERSION = YES;
				GCC_WARN_ABOUT_RETURN_TYPE = YES_ERROR;
				GCC_WARN_UNDECLARED_SELECTOR = YES;
				GCC_WARN_UNINITIALIZED_AUTOS = YES_AGGRESSIVE;
				GCC_WARN_UNUSED_FUNCTION = YES;
				GCC_WARN_UNUSED_VARIABLE = YES;
				IPHONEOS_DEPLOYMENT_TARGET = 14.1;
				MERGED_BINARY_TYPE = automatic;
				MTL_ENABLE_DEBUG_INFO = NO;
				MTL_FAST_MATH = YES;
				SDKROOT = iphoneos;
				SWIFT_COMPILATION_MODE = wholemodule;
				SWIFT_OPTIMIZATION_LEVEL = "-O";
				VALIDATE_PRODUCT = YES;
			};
			name = Release;
		};
		04A182042CC2622000D37CA5 /* Debug */ = {
			isa = XCBuildConfiguration;
			buildSettings = {
				ASSETCATALOG_COMPILER_APPICON_NAME = AppIcon;
				ASSETCATALOG_COMPILER_GLOBAL_ACCENT_COLOR_NAME = AccentColor;
				CODE_SIGN_STYLE = Automatic;
				DEVELOPMENT_ASSET_PATHS = "\"xunliao/Preview Content\"";
				DEVELOPMENT_TEAM = 8R4Q3K66H7;
				ENABLE_PREVIEWS = YES;
				INFOPLIST_FILE = xunliao/Info.plist;
				IPHONEOS_DEPLOYMENT_TARGET = 14.0;
				LD_RUNPATH_SEARCH_PATHS = (
					"$(inherited)",
					"@executable_path/Frameworks",
				);
				PRODUCT_BUNDLE_IDENTIFIER = com.sz90.xunliao;
				PRODUCT_NAME = "$(TARGET_NAME)";
				SWIFT_VERSION = 5.0;
				TARGETED_DEVICE_FAMILY = "1,2";
			};
			name = Debug;
		};
		04A182052CC2622000D37CA5 /* Release */ = {
			isa = XCBuildConfiguration;
			buildSettings = {
				ASSETCATALOG_COMPILER_APPICON_NAME = AppIcon;
				ASSETCATALOG_COMPILER_GLOBAL_ACCENT_COLOR_NAME = AccentColor;
				CODE_SIGN_STYLE = Automatic;
				DEVELOPMENT_ASSET_PATHS = "\"xunliao/Preview Content\"";
				DEVELOPMENT_TEAM = 8R4Q3K66H7;
				ENABLE_PREVIEWS = YES;
				INFOPLIST_FILE = xunliao/Info.plist;
				IPHONEOS_DEPLOYMENT_TARGET = 14.0;
				LD_RUNPATH_SEARCH_PATHS = (
					"$(inherited)",
					"@executable_path/Frameworks",
				);
				PRODUCT_BUNDLE_IDENTIFIER = com.sz90.xunliao;
				PRODUCT_NAME = "$(TARGET_NAME)";
				SWIFT_VERSION = 5.0;
				TARGETED_DEVICE_FAMILY = "1,2";
			};
			name = Release;
		};
/* End XCBuildConfiguration section */

/* Begin XCConfigurationList section */
		04A181EF2CC2621E00D37CA5 /* Build configuration list for PBXProject "xunliao" */ = {
			isa = XCConfigurationList;
			buildConfigurations = (
				04A182012CC2622000D37CA5 /* Debug */,
				04A182022CC2622000D37CA5 /* Release */,
			);
			defaultConfigurationIsVisible = 0;
			defaultConfigurationName = Release;
		};
		04A182032CC2622000D37CA5 /* Build configuration list for PBXNativeTarget "xunliao" */ = {
			isa = XCConfigurationList;
			buildConfigurations = (
				04A182042CC2622000D37CA5 /* Debug */,
				04A182052CC2622000D37CA5 /* Release */,
			);
			defaultConfigurationIsVisible = 0;
			defaultConfigurationName = Release;
		};
/* End XCConfigurationList section */

/* Begin XCRemoteSwiftPackageReference section */
		4BF3BAB82CCA085F00FC2509 /* XCRemoteSwiftPackageReference "url-image" */ = {
			isa = XCRemoteSwiftPackageReference;
			repositoryURL = "https://github.com/dmytro-anokhin/url-image";
			requirement = {
				kind = upToNextMajorVersion;
				minimumVersion = 3.1.1;
			};
		};
		4BF3BAC22CCA087900FC2509 /* XCRemoteSwiftPackageReference "Valet" */ = {
			isa = XCRemoteSwiftPackageReference;
			repositoryURL = "https://github.com/square/Valet.git";
			requirement = {
				kind = upToNextMajorVersion;
				minimumVersion = 4.3.0;
			};
		};
		4BF3BADA2CCA1EA200FC2509 /* XCRemoteSwiftPackageReference "Alamofire" */ = {
			isa = XCRemoteSwiftPackageReference;
			repositoryURL = "https://github.com/Alamofire/Alamofire.git";
			requirement = {
				kind = upToNextMajorVersion;
				minimumVersion = 5.6.4;
			};
		};
		4BF3BAED2CCA257200FC2509 /* XCRemoteSwiftPackageReference "Alamofire" */ = {
			isa = XCRemoteSwiftPackageReference;
			repositoryURL = "https://github.com/Alamofire/Alamofire.git";
			requirement = {
				kind = upToNextMajorVersion;
				minimumVersion = 5.6.4;
			};
		};
		4BF3BAF62CCA263D00FC2509 /* XCRemoteSwiftPackageReference "Alamofire" */ = {
			isa = XCRemoteSwiftPackageReference;
			repositoryURL = "https://github.com/Alamofire/Alamofire.git";
			requirement = {
				kind = upToNextMajorVersion;
				minimumVersion = 5.10.1;
			};
		};
/* End XCRemoteSwiftPackageReference section */

/* Begin XCSwiftPackageProductDependency section */
		4BF3BAB92CCA085F00FC2509 /* URLImage */ = {
			isa = XCSwiftPackageProductDependency;
			package = 4BF3BAB82CCA085F00FC2509 /* XCRemoteSwiftPackageReference "url-image" */;
			productName = URLImage;
		};
		4BF3BABB2CCA085F00FC2509 /* URLImageStore */ = {
			isa = XCSwiftPackageProductDependency;
			package = 4BF3BAB82CCA085F00FC2509 /* XCRemoteSwiftPackageReference "url-image" */;
			productName = URLImageStore;
		};
		4BF3BAC32CCA087900FC2509 /* Valet */ = {
			isa = XCSwiftPackageProductDependency;
			package = 4BF3BAC22CCA087900FC2509 /* XCRemoteSwiftPackageReference "Valet" */;
			productName = Valet;
		};
		4BF3BADB2CCA1EA200FC2509 /* Alamofire */ = {
			isa = XCSwiftPackageProductDependency;
			package = 4BF3BADA2CCA1EA200FC2509 /* XCRemoteSwiftPackageReference "Alamofire" */;
			productName = Alamofire;
		};
		4BF3BADF2CCA1F7400FC2509 /* Alamofire */ = {
			isa = XCSwiftPackageProductDependency;
			package = 4BF3BADA2CCA1EA200FC2509 /* XCRemoteSwiftPackageReference "Alamofire" */;
			productName = Alamofire;
		};
		4BF3BAE62CCA231900FC2509 /* Alamofire */ = {
			isa = XCSwiftPackageProductDependency;
			package = 4BF3BADA2CCA1EA200FC2509 /* XCRemoteSwiftPackageReference "Alamofire" */;
			productName = Alamofire;
		};
		4BF3BAE82CCA231900FC2509 /* AlamofireDynamic */ = {
			isa = XCSwiftPackageProductDependency;
			package = 4BF3BADA2CCA1EA200FC2509 /* XCRemoteSwiftPackageReference "Alamofire" */;
			productName = AlamofireDynamic;
		};
		4BF3BAEB2CCA232800FC2509 /* Alamofire */ = {
			isa = XCSwiftPackageProductDependency;
			package = 4BF3BADA2CCA1EA200FC2509 /* XCRemoteSwiftPackageReference "Alamofire" */;
			productName = Alamofire;
		};
		4BF3BAEE2CCA257200FC2509 /* Alamofire */ = {
			isa = XCSwiftPackageProductDependency;
			package = 4BF3BAED2CCA257200FC2509 /* XCRemoteSwiftPackageReference "Alamofire" */;
			productName = Alamofire;
		};
		4BF3BAF12CCA25EE00FC2509 /* AlamofireDynamic */ = {
			isa = XCSwiftPackageProductDependency;
			package = 4BF3BAED2CCA257200FC2509 /* XCRemoteSwiftPackageReference "Alamofire" */;
			productName = AlamofireDynamic;
		};
		4BF3BAF42CCA25F200FC2509 /* URLImage */ = {
			isa = XCSwiftPackageProductDependency;
			package = 4BF3BAB82CCA085F00FC2509 /* XCRemoteSwiftPackageReference "url-image" */;
			productName = URLImage;
		};
		4BF3BAF72CCA263D00FC2509 /* Alamofire */ = {
			isa = XCSwiftPackageProductDependency;
			package = 4BF3BAF62CCA263D00FC2509 /* XCRemoteSwiftPackageReference "Alamofire" */;
			productName = Alamofire;
		};
		4BF3BAF92CCA263D00FC2509 /* AlamofireDynamic */ = {
			isa = XCSwiftPackageProductDependency;
			package = 4BF3BAF62CCA263D00FC2509 /* XCRemoteSwiftPackageReference "Alamofire" */;
			productName = AlamofireDynamic;
		};
		4BF3BAFB2CCA2EC200FC2509 /* Alamofire */ = {
			isa = XCSwiftPackageProductDependency;
			package = 4BF3BAF62CCA263D00FC2509 /* XCRemoteSwiftPackageReference "Alamofire" */;
			productName = Alamofire;
		};
		4BF3BAFD2CCA2EC200FC2509 /* AlamofireDynamic */ = {
			isa = XCSwiftPackageProductDependency;
			package = 4BF3BAF62CCA263D00FC2509 /* XCRemoteSwiftPackageReference "Alamofire" */;
			productName = AlamofireDynamic;
		};
/* End XCSwiftPackageProductDependency section */
	};
	rootObject = 04A181EC2CC2621E00D37CA5 /* Project object */;
}
